
Microsoft Visual Studio Solution File, Format Version 12.00
# Visual Studio Version 16
VisualStudioVersion = 16.0.31624.102
MinimumVisualStudioVersion = 10.0.40219.1
Project("{9A19103F-16F7-4668-BE54-9A1E7A4F7556}") = "AzureAdAuthApiExample", "AzureAdAuthApiExample\AzureAdAuthApiExample.csproj", "{94136FDC-8A8A-435C-915E-93A7DB8C1A1C}"
EndProject
Global
	GlobalSection(SolutionConfigurationPlatforms) = preSolution
		Debug|Any CPU = Debug|Any CPU
		Release|Any CPU = Release|Any CPU
	EndGlobalSection
	GlobalSection(ProjectConfigurationPlatforms) = postSolution
		{94136FDC-8A8A-435C-915E-93A7DB8C1A1C}.Debug|Any CPU.ActiveCfg = Debug|Any CPU
		{94136FDC-8A8A-435C-915E-93A7DB8C1A1C}.Debug|Any CPU.Build.0 = Debug|Any CPU
		{94136FDC-8A8A-435C-915E-93A7DB8C1A1C}.Release|Any CPU.ActiveCfg = Release|Any CPU
		{94136FDC-8A8A-435C-915E-93A7DB8C1A1C}.Release|Any CPU.Build.0 = Release|Any CPU
	EndGlobalSection
	GlobalSection(SolutionProperties) = preSolution
		HideSolutionNode = FALSE
	EndGlobalSection
	GlobalSection(ExtensibilityGlobals) = postSolution
		SolutionGuid = {2069D131-D1AB-4626-9617-4DB5E9816301}
	EndGlobalSection
EndGlobal
